
Microsoft Visual Studio Solution File, Format Version 12.00
# Visual Studio Version 17
VisualStudioVersion = 17.5.002.0
MinimumVisualStudioVersion = 10.0.40219.1
Project("{9A19103F-16F7-4668-BE54-9A1E7A4F7556}") = "LHPet", "LHPet.csproj", "{C03EFA44-C281-4895-8B45-FE79E0586076}"
EndProject
Global
	GlobalSection(SolutionConfigurationPlatforms) = preSolution
		Debug|Any CPU = Debug|Any CPU
		Release|Any CPU = Release|Any CPU
	EndGlobalSection
	GlobalSection(ProjectConfigurationPlatforms) = postSolution
		{C03EFA44-C281-4895-8B45-FE79E0586076}.Debug|Any CPU.ActiveCfg = Debug|Any CPU
		{C03EFA44-C281-4895-8B45-FE79E0586076}.Debug|Any CPU.Build.0 = Debug|Any CPU
		{C03EFA44-C281-4895-8B45-FE79E0586076}.Release|Any CPU.ActiveCfg = Release|Any CPU
		{C03EFA44-C281-4895-8B45-FE79E0586076}.Release|Any CPU.Build.0 = Release|Any CPU
	EndGlobalSection
	GlobalSection(SolutionProperties) = preSolution
		HideSolutionNode = FALSE
	EndGlobalSection
	GlobalSection(ExtensibilityGlobals) = postSolution
		SolutionGuid = {FC05BE0D-D691-49FB-832F-4BBFE33F7B16}
	EndGlobalSection
EndGlobal
